
Microsoft Visual Studio Solution File, Format Version 12.00
# Visual Studio for Mac
Project("{FAE04EC0-301F-11D3-BF4B-00C04F79EFBC}") = "Assembly-CSharp", "Assembly-CSharp.csproj", "{277C243F-D564-5F05-1F95-059263E4BAB7}"
EndProject
Global
	GlobalSection(SolutionConfigurationPlatforms) = preSolution
		Debug|Any CPU = Debug|Any CPU
		Release|Any CPU = Release|Any CPU
	EndGlobalSection
	GlobalSection(ProjectConfigurationPlatforms) = postSolution
		{277C243F-D564-5F05-1F95-059263E4BAB7}.Debug|Any CPU.ActiveCfg = Debug|Any CPU
		{277C243F-D564-5F05-1F95-059263E4BAB7}.Debug|Any CPU.Build.0 = Debug|Any CPU
		{277C243F-D564-5F05-1F95-059263E4BAB7}.Release|Any CPU.ActiveCfg = Release|Any CPU
		{277C243F-D564-5F05-1F95-059263E4BAB7}.Release|Any CPU.Build.0 = Release|Any CPU
	EndGlobalSection
	GlobalSection(SolutionProperties) = preSolution
		HideSolutionNode = FALSE
	EndGlobalSection
EndGlobal
